
Microsoft Visual Studio Solution File, Format Version 12.00
# Visual Studio Version 16
VisualStudioVersion = 16.0.29911.84
MinimumVisualStudioVersion = 10.0.40219.1
Project("{FAE04EC0-301F-11D3-BF4B-00C04F79EFBC}") = "SharpSample.Api", "SharpSample.Api\SharpSample.Api.csproj", "{4F76EED2-56A0-43EC-A66F-6A6CE9892F70}"
EndProject
Project("{FAE04EC0-301F-11D3-BF4B-00C04F79EFBC}") = "SharpSample.Logic", "SharpSample.Logic\SharpSample.Logic.csproj", "{99F91431-5975-4B53-93CE-C5D6E2211468}"
EndProject
Global
	GlobalSection(SolutionConfigurationPlatforms) = preSolution
		Debug|Any CPU = Debug|Any CPU
		Release|Any CPU = Release|Any CPU
	EndGlobalSection
	GlobalSection(ProjectConfigurationPlatforms) = postSolution
		{4F76EED2-56A0-43EC-A66F-6A6CE9892F70}.Debug|Any CPU.ActiveCfg = Debug|Any CPU
		{4F76EED2-56A0-43EC-A66F-6A6CE9892F70}.Debug|Any CPU.Build.0 = Debug|Any CPU
		{4F76EED2-56A0-43EC-A66F-6A6CE9892F70}.Release|Any CPU.ActiveCfg = Release|Any CPU
		{4F76EED2-56A0-43EC-A66F-6A6CE9892F70}.Release|Any CPU.Build.0 = Release|Any CPU
		{99F91431-5975-4B53-93CE-C5D6E2211468}.Debug|Any CPU.ActiveCfg = Debug|Any CPU
		{99F91431-5975-4B53-93CE-C5D6E2211468}.Debug|Any CPU.Build.0 = Debug|Any CPU
		{99F91431-5975-4B53-93CE-C5D6E2211468}.Release|Any CPU.ActiveCfg = Release|Any CPU
		{99F91431-5975-4B53-93CE-C5D6E2211468}.Release|Any CPU.Build.0 = Release|Any CPU
	EndGlobalSection
	GlobalSection(SolutionProperties) = preSolution
		HideSolutionNode = FALSE
	EndGlobalSection
	GlobalSection(ExtensibilityGlobals) = postSolution
		SolutionGuid = {0FF9218C-0F8D-424B-B5D5-73AC990A6506}
	EndGlobalSection
EndGlobal
